
Microsoft Visual Studio Solution File, Format Version 12.00
# Visual Studio Version 17
VisualStudioVersion = 17.5.33627.172
MinimumVisualStudioVersion = 10.0.40219.1
Project("{FAE04EC0-301F-11D3-BF4B-00C04F79EFBC}") = "SeleniumApp", "SeleniumApp\SeleniumApp.csproj", "{82463E84-644B-4076-93E2-D11CBE2EEA05}"
EndProject
Global
	GlobalSection(SolutionConfigurationPlatforms) = preSolution
		Debug|Any CPU = Debug|Any CPU
		Release|Any CPU = Release|Any CPU
	EndGlobalSection
	GlobalSection(ProjectConfigurationPlatforms) = postSolution
		{82463E84-644B-4076-93E2-D11CBE2EEA05}.Debug|Any CPU.ActiveCfg = Debug|Any CPU
		{82463E84-644B-4076-93E2-D11CBE2EEA05}.Debug|Any CPU.Build.0 = Debug|Any CPU
		{82463E84-644B-4076-93E2-D11CBE2EEA05}.Release|Any CPU.ActiveCfg = Release|Any CPU
		{82463E84-644B-4076-93E2-D11CBE2EEA05}.Release|Any CPU.Build.0 = Release|Any CPU
	EndGlobalSection
	GlobalSection(SolutionProperties) = preSolution
		HideSolutionNode = FALSE
	EndGlobalSection
	GlobalSection(ExtensibilityGlobals) = postSolution
		SolutionGuid = {75B6949B-59BA-4079-B172-2D2856A0A287}
	EndGlobalSection
EndGlobal
